
Microsoft Visual Studio Solution File, Format Version 12.00
# Visual Studio Version 17
VisualStudioVersion = 17.5.002.0
MinimumVisualStudioVersion = 10.0.40219.1
Project("{9A19103F-16F7-4668-BE54-9A1E7A4F7556}") = "Mtgp.Shader", "Mtgp.Shader\Mtgp.Shader.csproj", "{9C5FC5C2-50F0-432B-94DA-D944600C81E6}"
EndProject
Project("{2150E333-8FDC-42A3-9474-1A3956D46DE8}") = "Solution Items", "Solution Items", "{043FB339-6570-4038-B2E6-20C4DB725ED0}"
	ProjectSection(SolutionItems) = preProject
		.editorconfig = .editorconfig
		DemoServer - Todo.md = DemoServer - Todo.md
		LICENSE = LICENSE
		Proxy - Todo.md = Proxy - Todo.md
		Todo.md = Todo.md
	EndProjectSection
EndProject
Project("{9A19103F-16F7-4668-BE54-9A1E7A4F7556}") = "Mtgp.Util", "Mtgp.Util\Mtgp.Util.csproj", "{B468951D-3B02-4D57-804A-9678A3E6E427}"
EndProject
Project("{9A19103F-16F7-4668-BE54-9A1E7A4F7556}") = "Mtgp", "Mtgp\Mtgp.csproj", "{9F1F97F1-225C-4C41-A80A-2B865625E844}"
EndProject
Project("{9A19103F-16F7-4668-BE54-9A1E7A4F7556}") = "Mtgp.Shader.Tsl", "Mtgp.Shader.Tsl\Mtgp.Shader.Tsl.csproj", "{2D467DEA-CD07-4D97-9D2C-7D4DD9395448}"
EndProject
Project("{9A19103F-16F7-4668-BE54-9A1E7A4F7556}") = "Mtgp.DemoServer", "Mtgp.DemoServer\Mtgp.DemoServer.csproj", "{B6CA65A7-2D01-418B-8388-FFB7DD804DB2}"
EndProject
Project("{9A19103F-16F7-4668-BE54-9A1E7A4F7556}") = "Mtgp.Comms", "Mtgp.Comms\Mtgp.Comms.csproj", "{E8E86592-CE9E-4CBD-8916-264A31915053}"
EndProject
Project("{9A19103F-16F7-4668-BE54-9A1E7A4F7556}") = "Mtgp.Proxy.Shader", "Mtgp.Proxy.Shader\Mtgp.Proxy.Shader.csproj", "{BDDC848B-00C2-4004-8208-3B4F1944BDA7}"
EndProject
Project("{9A19103F-16F7-4668-BE54-9A1E7A4F7556}") = "Mtgp.Proxy.Console", "Mtgp.Proxy.Console\Mtgp.Proxy.Console.csproj", "{2790C151-A8D0-4015-8B66-73B52BEAEB87}"
EndProject
Project("{9A19103F-16F7-4668-BE54-9A1E7A4F7556}") = "Mtgp.WorldSeed", "Mtgp.WorldSeed\Mtgp.WorldSeed.csproj", "{D1B67990-3BFB-41DB-B634-FBD5ED0681C5}"
EndProject
Project("{9A19103F-16F7-4668-BE54-9A1E7A4F7556}") = "Mtgp.Server", "Mtgp.Server\Mtgp.Server.csproj", "{0B7A61D4-B3C5-470E-B055-4C8A617A29CA}"
EndProject
Project("{9A19103F-16F7-4668-BE54-9A1E7A4F7556}") = "Mtgp.SpaceGame", "Mtgp.SpaceGame\Mtgp.SpaceGame.csproj", "{5A01FCFF-9C4C-4F24-8946-AB8267BC0591}"
EndProject
Project("{FAE04EC0-301F-11D3-BF4B-00C04F79EFBC}") = "Mtgp.Proxy.Shader.Tests", "Mtgp.Proxy.Shader.Tests\Mtgp.Proxy.Shader.Tests.csproj", "{37956835-4E75-4D80-9060-96B8E5F19674}"
EndProject
Project("{2150E333-8FDC-42A3-9474-1A3956D46DE8}") = "Servers", "Servers", "{607BC498-F3DE-4470-8540-B269BA239D0E}"
EndProject
Project("{2150E333-8FDC-42A3-9474-1A3956D46DE8}") = "Proxy", "Proxy", "{FDE4844B-7372-4B1F-A3BB-A0EAC2953590}"
EndProject
Global
	GlobalSection(SolutionConfigurationPlatforms) = preSolution
		CI|Any CPU = CI|Any CPU
		Debug|Any CPU = Debug|Any CPU
		Release|Any CPU = Release|Any CPU
	EndGlobalSection
	GlobalSection(ProjectConfigurationPlatforms) = postSolution
		{9C5FC5C2-50F0-432B-94DA-D944600C81E6}.CI|Any CPU.ActiveCfg = Release|Any CPU
		{9C5FC5C2-50F0-432B-94DA-D944600C81E6}.CI|Any CPU.Build.0 = Release|Any CPU
		{9C5FC5C2-50F0-432B-94DA-D944600C81E6}.Debug|Any CPU.ActiveCfg = Debug|Any CPU
		{9C5FC5C2-50F0-432B-94DA-D944600C81E6}.Debug|Any CPU.Build.0 = Debug|Any CPU
		{9C5FC5C2-50F0-432B-94DA-D944600C81E6}.Release|Any CPU.ActiveCfg = Release|Any CPU
		{9C5FC5C2-50F0-432B-94DA-D944600C81E6}.Release|Any CPU.Build.0 = Release|Any CPU
		{B468951D-3B02-4D57-804A-9678A3E6E427}.CI|Any CPU.ActiveCfg = Debug|Any CPU
		{B468951D-3B02-4D57-804A-9678A3E6E427}.CI|Any CPU.Build.0 = Debug|Any CPU
		{B468951D-3B02-4D57-804A-9678A3E6E427}.Debug|Any CPU.ActiveCfg = Debug|Any CPU
		{B468951D-3B02-4D57-804A-9678A3E6E427}.Debug|Any CPU.Build.0 = Debug|Any CPU
		{B468951D-3B02-4D57-804A-9678A3E6E427}.Release|Any CPU.ActiveCfg = Release|Any CPU
		{B468951D-3B02-4D57-804A-9678A3E6E427}.Release|Any CPU.Build.0 = Release|Any CPU
		{9F1F97F1-225C-4C41-A80A-2B865625E844}.CI|Any CPU.ActiveCfg = Debug|Any CPU
		{9F1F97F1-225C-4C41-A80A-2B865625E844}.CI|Any CPU.Build.0 = Debug|Any CPU
		{9F1F97F1-225C-4C41-A80A-2B865625E844}.Debug|Any CPU.ActiveCfg = Debug|Any CPU
		{9F1F97F1-225C-4C41-A80A-2B865625E844}.Debug|Any CPU.Build.0 = Debug|Any CPU
		{9F1F97F1-225C-4C41-A80A-2B865625E844}.Release|Any CPU.ActiveCfg = Release|Any CPU
		{9F1F97F1-225C-4C41-A80A-2B865625E844}.Release|Any CPU.Build.0 = Release|Any CPU
		{2D467DEA-CD07-4D97-9D2C-7D4DD9395448}.CI|Any CPU.ActiveCfg = Debug|Any CPU
		{2D467DEA-CD07-4D97-9D2C-7D4DD9395448}.CI|Any CPU.Build.0 = Debug|Any CPU
		{2D467DEA-CD07-4D97-9D2C-7D4DD9395448}.Debug|Any CPU.ActiveCfg = Debug|Any CPU
		{2D467DEA-CD07-4D97-9D2C-7D4DD9395448}.Debug|Any CPU.Build.0 = Debug|Any CPU
		{2D467DEA-CD07-4D97-9D2C-7D4DD9395448}.Release|Any CPU.ActiveCfg = Release|Any CPU
		{2D467DEA-CD07-4D97-9D2C-7D4DD9395448}.Release|Any CPU.Build.0 = Release|Any CPU
		{B6CA65A7-2D01-418B-8388-FFB7DD804DB2}.CI|Any CPU.ActiveCfg = Debug|Any CPU
		{B6CA65A7-2D01-418B-8388-FFB7DD804DB2}.CI|Any CPU.Build.0 = Debug|Any CPU
		{B6CA65A7-2D01-418B-8388-FFB7DD804DB2}.Debug|Any CPU.ActiveCfg = Debug|Any CPU
		{B6CA65A7-2D01-418B-8388-FFB7DD804DB2}.Debug|Any CPU.Build.0 = Debug|Any CPU
		{B6CA65A7-2D01-418B-8388-FFB7DD804DB2}.Release|Any CPU.ActiveCfg = Release|Any CPU
		{B6CA65A7-2D01-418B-8388-FFB7DD804DB2}.Release|Any CPU.Build.0 = Release|Any CPU
		{E8E86592-CE9E-4CBD-8916-264A31915053}.CI|Any CPU.ActiveCfg = Debug|Any CPU
		{E8E86592-CE9E-4CBD-8916-264A31915053}.CI|Any CPU.Build.0 = Debug|Any CPU
		{E8E86592-CE9E-4CBD-8916-264A31915053}.Debug|Any CPU.ActiveCfg = Debug|Any CPU
		{E8E86592-CE9E-4CBD-8916-264A31915053}.Debug|Any CPU.Build.0 = Debug|Any CPU
		{E8E86592-CE9E-4CBD-8916-264A31915053}.Release|Any CPU.ActiveCfg = Release|Any CPU
		{E8E86592-CE9E-4CBD-8916-264A31915053}.Release|Any CPU.Build.0 = Release|Any CPU
		{BDDC848B-00C2-4004-8208-3B4F1944BDA7}.CI|Any CPU.ActiveCfg = Debug|Any CPU
		{BDDC848B-00C2-4004-8208-3B4F1944BDA7}.CI|Any CPU.Build.0 = Debug|Any CPU
		{BDDC848B-00C2-4004-8208-3B4F1944BDA7}.Debug|Any CPU.ActiveCfg = Debug|Any CPU
		{BDDC848B-00C2-4004-8208-3B4F1944BDA7}.Debug|Any CPU.Build.0 = Debug|Any CPU
		{BDDC848B-00C2-4004-8208-3B4F1944BDA7}.Release|Any CPU.ActiveCfg = Release|Any CPU
		{BDDC848B-00C2-4004-8208-3B4F1944BDA7}.Release|Any CPU.Build.0 = Release|Any CPU
		{2790C151-A8D0-4015-8B66-73B52BEAEB87}.CI|Any CPU.ActiveCfg = Debug|Any CPU
		{2790C151-A8D0-4015-8B66-73B52BEAEB87}.CI|Any CPU.Build.0 = Debug|Any CPU
		{2790C151-A8D0-4015-8B66-73B52BEAEB87}.Debug|Any CPU.ActiveCfg = Debug|Any CPU
		{2790C151-A8D0-4015-8B66-73B52BEAEB87}.Debug|Any CPU.Build.0 = Debug|Any CPU
		{2790C151-A8D0-4015-8B66-73B52BEAEB87}.Release|Any CPU.ActiveCfg = Release|Any CPU
		{2790C151-A8D0-4015-8B66-73B52BEAEB87}.Release|Any CPU.Build.0 = Release|Any CPU
		{D1B67990-3BFB-41DB-B634-FBD5ED0681C5}.CI|Any CPU.ActiveCfg = Debug|Any CPU
		{D1B67990-3BFB-41DB-B634-FBD5ED0681C5}.CI|Any CPU.Build.0 = Debug|Any CPU
		{D1B67990-3BFB-41DB-B634-FBD5ED0681C5}.Debug|Any CPU.ActiveCfg = Debug|Any CPU
		{D1B67990-3BFB-41DB-B634-FBD5ED0681C5}.Debug|Any CPU.Build.0 = Debug|Any CPU
		{D1B67990-3BFB-41DB-B634-FBD5ED0681C5}.Release|Any CPU.ActiveCfg = Release|Any CPU
		{D1B67990-3BFB-41DB-B634-FBD5ED0681C5}.Release|Any CPU.Build.0 = Release|Any CPU
		{0B7A61D4-B3C5-470E-B055-4C8A617A29CA}.CI|Any CPU.ActiveCfg = Debug|Any CPU
		{0B7A61D4-B3C5-470E-B055-4C8A617A29CA}.CI|Any CPU.Build.0 = Debug|Any CPU
		{0B7A61D4-B3C5-470E-B055-4C8A617A29CA}.Debug|Any CPU.ActiveCfg = Debug|Any CPU
		{0B7A61D4-B3C5-470E-B055-4C8A617A29CA}.Debug|Any CPU.Build.0 = Debug|Any CPU
		{0B7A61D4-B3C5-470E-B055-4C8A617A29CA}.Release|Any CPU.ActiveCfg = Release|Any CPU
		{0B7A61D4-B3C5-470E-B055-4C8A617A29CA}.Release|Any CPU.Build.0 = Release|Any CPU
		{5A01FCFF-9C4C-4F24-8946-AB8267BC0591}.CI|Any CPU.ActiveCfg = Debug|Any CPU
		{5A01FCFF-9C4C-4F24-8946-AB8267BC0591}.CI|Any CPU.Build.0 = Debug|Any CPU
		{5A01FCFF-9C4C-4F24-8946-AB8267BC0591}.Debug|Any CPU.ActiveCfg = Debug|Any CPU
		{5A01FCFF-9C4C-4F24-8946-AB8267BC0591}.Debug|Any CPU.Build.0 = Debug|Any CPU
		{5A01FCFF-9C4C-4F24-8946-AB8267BC0591}.Release|Any CPU.ActiveCfg = Release|Any CPU
		{5A01FCFF-9C4C-4F24-8946-AB8267BC0591}.Release|Any CPU.Build.0 = Release|Any CPU
		{37956835-4E75-4D80-9060-96B8E5F19674}.CI|Any CPU.ActiveCfg = Debug|Any CPU
		{37956835-4E75-4D80-9060-96B8E5F19674}.CI|Any CPU.Build.0 = Debug|Any CPU
		{37956835-4E75-4D80-9060-96B8E5F19674}.Debug|Any CPU.ActiveCfg = Debug|Any CPU
		{37956835-4E75-4D80-9060-96B8E5F19674}.Debug|Any CPU.Build.0 = Debug|Any CPU
		{37956835-4E75-4D80-9060-96B8E5F19674}.Release|Any CPU.ActiveCfg = Release|Any CPU
		{37956835-4E75-4D80-9060-96B8E5F19674}.Release|Any CPU.Build.0 = Release|Any CPU
	EndGlobalSection
	GlobalSection(SolutionProperties) = preSolution
		HideSolutionNode = FALSE
	EndGlobalSection
	GlobalSection(NestedProjects) = preSolution
		{B6CA65A7-2D01-418B-8388-FFB7DD804DB2} = {607BC498-F3DE-4470-8540-B269BA239D0E}
		{BDDC848B-00C2-4004-8208-3B4F1944BDA7} = {FDE4844B-7372-4B1F-A3BB-A0EAC2953590}
		{2790C151-A8D0-4015-8B66-73B52BEAEB87} = {FDE4844B-7372-4B1F-A3BB-A0EAC2953590}
		{D1B67990-3BFB-41DB-B634-FBD5ED0681C5} = {607BC498-F3DE-4470-8540-B269BA239D0E}
		{5A01FCFF-9C4C-4F24-8946-AB8267BC0591} = {607BC498-F3DE-4470-8540-B269BA239D0E}
		{37956835-4E75-4D80-9060-96B8E5F19674} = {FDE4844B-7372-4B1F-A3BB-A0EAC2953590}
	EndGlobalSection
	GlobalSection(ExtensibilityGlobals) = postSolution
		SolutionGuid = {548D31B1-DE2B-4789-AEF6-FA45AA1ABFF2}
	EndGlobalSection
EndGlobal
